
Microsoft Visual Studio Solution File, Format Version 12.00
# Visual Studio Version 16
VisualStudioVersion = 16.0.31410.357
MinimumVisualStudioVersion = 10.0.40219.1
Project("{9A19103F-16F7-4668-BE54-9A1E7A4F7556}") = "MaskedInputDemo.Module", "MaskedInputDemo.Module\MaskedInputDemo.Module.csproj", "{358E097B-250D-4AFA-9919-294DC327E4E7}"
EndProject
Project("{9A19103F-16F7-4668-BE54-9A1E7A4F7556}") = "MaskedInputDemo.Module.Blazor", "MaskedInputDemo.Module.Blazor\MaskedInputDemo.Module.Blazor.csproj", "{9C49A910-59E4-40F3-B857-40456DD6C69B}"
EndProject
Project("{9A19103F-16F7-4668-BE54-9A1E7A4F7556}") = "MaskedInputDemo.Blazor.Server", "MaskedInputDemo.Blazor.Server\MaskedInputDemo.Blazor.Server.csproj", "{D8E7CC41-ED9E-45D3-9DD3-7FFBE8858505}"
EndProject
Global
	GlobalSection(SolutionConfigurationPlatforms) = preSolution
		Debug|Any CPU = Debug|Any CPU
		Release|Any CPU = Release|Any CPU
	EndGlobalSection
	GlobalSection(ProjectConfigurationPlatforms) = postSolution
		{358E097B-250D-4AFA-9919-294DC327E4E7}.Debug|Any CPU.ActiveCfg = Debug|Any CPU
		{358E097B-250D-4AFA-9919-294DC327E4E7}.Debug|Any CPU.Build.0 = Debug|Any CPU
		{358E097B-250D-4AFA-9919-294DC327E4E7}.Release|Any CPU.ActiveCfg = Release|Any CPU
		{358E097B-250D-4AFA-9919-294DC327E4E7}.Release|Any CPU.Build.0 = Release|Any CPU
		{9C49A910-59E4-40F3-B857-40456DD6C69B}.Debug|Any CPU.ActiveCfg = Debug|Any CPU
		{9C49A910-59E4-40F3-B857-40456DD6C69B}.Debug|Any CPU.Build.0 = Debug|Any CPU
		{9C49A910-59E4-40F3-B857-40456DD6C69B}.Release|Any CPU.ActiveCfg = Release|Any CPU
		{9C49A910-59E4-40F3-B857-40456DD6C69B}.Release|Any CPU.Build.0 = Release|Any CPU
		{D8E7CC41-ED9E-45D3-9DD3-7FFBE8858505}.Debug|Any CPU.ActiveCfg = Debug|Any CPU
		{D8E7CC41-ED9E-45D3-9DD3-7FFBE8858505}.Debug|Any CPU.Build.0 = Debug|Any CPU
		{D8E7CC41-ED9E-45D3-9DD3-7FFBE8858505}.Release|Any CPU.ActiveCfg = Release|Any CPU
		{D8E7CC41-ED9E-45D3-9DD3-7FFBE8858505}.Release|Any CPU.Build.0 = Release|Any CPU
	EndGlobalSection
	GlobalSection(SolutionProperties) = preSolution
		HideSolutionNode = FALSE
	EndGlobalSection
	GlobalSection(ExtensibilityGlobals) = postSolution
		SolutionGuid = {10B49A65-26A4-438D-8029-6FF37FFAEAB2}
	EndGlobalSection
EndGlobal
